
Microsoft Visual Studio Solution File, Format Version 12.00
# Visual Studio Version 17
VisualStudioVersion = 17.8.34330.188
MinimumVisualStudioVersion = 10.0.40219.1
Project("{9A19103F-16F7-4668-BE54-9A1E7A4F7556}") = "BlogApp", "BlogApp.csproj", "{31492EEB-DADF-4970-BC89-7DCD80EAF483}"
EndProject
Project("{FAE04EC0-301F-11D3-BF4B-00C04F79EFBC}") = "BlogApp.Domain", "..\BlogApp.Domain\BlogApp.Domain.csproj", "{F22F0B34-D0BA-419D-AE78-0E69D8F68001}"
EndProject
Project("{FAE04EC0-301F-11D3-BF4B-00C04F79EFBC}") = "BlogApp.Application", "..\BlogApp.Application\BlogApp.Application.csproj", "{13AD7EF9-0A32-4067-8752-8C7DE05F7CE0}"
EndProject
Project("{FAE04EC0-301F-11D3-BF4B-00C04F79EFBC}") = "BlogApp.Infrastructure", "..\BlogApp.Infrastructure\BlogApp.Infrastructure.csproj", "{B2309A9D-D1E3-432C-90E3-C193089DBD10}"
EndProject
Project("{FAE04EC0-301F-11D3-BF4B-00C04F79EFBC}") = "BlogApp.Persistence", "..\BlogApp.Persistence\BlogApp.Persistence.csproj", "{5CA22527-CFFA-4007-8841-6F7A2A9FCEFA}"
EndProject
Global
	GlobalSection(SolutionConfigurationPlatforms) = preSolution
		Debug|Any CPU = Debug|Any CPU
		Release|Any CPU = Release|Any CPU
	EndGlobalSection
	GlobalSection(ProjectConfigurationPlatforms) = postSolution
		{31492EEB-DADF-4970-BC89-7DCD80EAF483}.Debug|Any CPU.ActiveCfg = Debug|Any CPU
		{31492EEB-DADF-4970-BC89-7DCD80EAF483}.Debug|Any CPU.Build.0 = Debug|Any CPU
		{31492EEB-DADF-4970-BC89-7DCD80EAF483}.Release|Any CPU.ActiveCfg = Release|Any CPU
		{31492EEB-DADF-4970-BC89-7DCD80EAF483}.Release|Any CPU.Build.0 = Release|Any CPU
		{F22F0B34-D0BA-419D-AE78-0E69D8F68001}.Debug|Any CPU.ActiveCfg = Debug|Any CPU
		{F22F0B34-D0BA-419D-AE78-0E69D8F68001}.Debug|Any CPU.Build.0 = Debug|Any CPU
		{F22F0B34-D0BA-419D-AE78-0E69D8F68001}.Release|Any CPU.ActiveCfg = Release|Any CPU
		{F22F0B34-D0BA-419D-AE78-0E69D8F68001}.Release|Any CPU.Build.0 = Release|Any CPU
		{13AD7EF9-0A32-4067-8752-8C7DE05F7CE0}.Debug|Any CPU.ActiveCfg = Debug|Any CPU
		{13AD7EF9-0A32-4067-8752-8C7DE05F7CE0}.Debug|Any CPU.Build.0 = Debug|Any CPU
		{13AD7EF9-0A32-4067-8752-8C7DE05F7CE0}.Release|Any CPU.ActiveCfg = Release|Any CPU
		{13AD7EF9-0A32-4067-8752-8C7DE05F7CE0}.Release|Any CPU.Build.0 = Release|Any CPU
		{B2309A9D-D1E3-432C-90E3-C193089DBD10}.Debug|Any CPU.ActiveCfg = Debug|Any CPU
		{B2309A9D-D1E3-432C-90E3-C193089DBD10}.Debug|Any CPU.Build.0 = Debug|Any CPU
		{B2309A9D-D1E3-432C-90E3-C193089DBD10}.Release|Any CPU.ActiveCfg = Release|Any CPU
		{B2309A9D-D1E3-432C-90E3-C193089DBD10}.Release|Any CPU.Build.0 = Release|Any CPU
		{5CA22527-CFFA-4007-8841-6F7A2A9FCEFA}.Debug|Any CPU.ActiveCfg = Debug|Any CPU
		{5CA22527-CFFA-4007-8841-6F7A2A9FCEFA}.Debug|Any CPU.Build.0 = Debug|Any CPU
		{5CA22527-CFFA-4007-8841-6F7A2A9FCEFA}.Release|Any CPU.ActiveCfg = Release|Any CPU
		{5CA22527-CFFA-4007-8841-6F7A2A9FCEFA}.Release|Any CPU.Build.0 = Release|Any CPU
	EndGlobalSection
	GlobalSection(SolutionProperties) = preSolution
		HideSolutionNode = FALSE
	EndGlobalSection
	GlobalSection(ExtensibilityGlobals) = postSolution
		SolutionGuid = {361F950C-0013-4240-9024-B4675DFA402E}
	EndGlobalSection
EndGlobal
